
Microsoft Visual Studio Solution File, Format Version 12.00
# Visual Studio 15
VisualStudioVersion = 15.0.26124.0
MinimumVisualStudioVersion = 15.0.26124.0
Project("{9A19103F-16F7-4668-BE54-9A1E7A4F7556}") = "BlitzLib.RedisElector", "BlitzLib.RedisElector\BlitzLib.RedisElector.csproj", "{C5BAF52A-4F3D-48A8-B354-6BC3AE8CFAE6}"
EndProject
Project("{9A19103F-16F7-4668-BE54-9A1E7A4F7556}") = "BlitzLib.Elector", "BlitzLib.Elector\BlitzLib.Elector.csproj", "{E89F2F80-B120-4AF4-B77C-3D77C0A6880F}"
EndProject
Project("{9A19103F-16F7-4668-BE54-9A1E7A4F7556}") = "BlitzLib.RedisElector.Test", "BlitzLib.RedisElector.Test\BlitzLib.RedisElector.Test.csproj", "{3F94116C-374B-4F2A-B32A-0B2A01BE8BC9}"
EndProject
Project("{2150E333-8FDC-42A3-9474-1A3956D46DE8}") = "Solution Items", "Solution Items", "{1899BD7E-0F71-4AAC-BE00-FB081E047D4E}"
	ProjectSection(SolutionItems) = preProject
		LICENSE = LICENSE
		README.md = README.md
	EndProjectSection
EndProject
Project("{FAE04EC0-301F-11D3-BF4B-00C04F79EFBC}") = "Demo-RedisElector-Singleton", "Demo-RedisElector-Singleton\Demo-RedisElector-Singleton.csproj", "{D5A540FF-DD83-469E-8987-8215BEEADCE8}"
EndProject
Global
	GlobalSection(SolutionConfigurationPlatforms) = preSolution
		Debug|Any CPU = Debug|Any CPU
		Debug|x64 = Debug|x64
		Debug|x86 = Debug|x86
		Release|Any CPU = Release|Any CPU
		Release|x64 = Release|x64
		Release|x86 = Release|x86
	EndGlobalSection
	GlobalSection(ProjectConfigurationPlatforms) = postSolution
		{C5BAF52A-4F3D-48A8-B354-6BC3AE8CFAE6}.Debug|Any CPU.ActiveCfg = Debug|Any CPU
		{C5BAF52A-4F3D-48A8-B354-6BC3AE8CFAE6}.Debug|Any CPU.Build.0 = Debug|Any CPU
		{C5BAF52A-4F3D-48A8-B354-6BC3AE8CFAE6}.Debug|x64.ActiveCfg = Debug|Any CPU
		{C5BAF52A-4F3D-48A8-B354-6BC3AE8CFAE6}.Debug|x64.Build.0 = Debug|Any CPU
		{C5BAF52A-4F3D-48A8-B354-6BC3AE8CFAE6}.Debug|x86.ActiveCfg = Debug|Any CPU
		{C5BAF52A-4F3D-48A8-B354-6BC3AE8CFAE6}.Debug|x86.Build.0 = Debug|Any CPU
		{C5BAF52A-4F3D-48A8-B354-6BC3AE8CFAE6}.Release|Any CPU.ActiveCfg = Release|Any CPU
		{C5BAF52A-4F3D-48A8-B354-6BC3AE8CFAE6}.Release|Any CPU.Build.0 = Release|Any CPU
		{C5BAF52A-4F3D-48A8-B354-6BC3AE8CFAE6}.Release|x64.ActiveCfg = Release|Any CPU
		{C5BAF52A-4F3D-48A8-B354-6BC3AE8CFAE6}.Release|x64.Build.0 = Release|Any CPU
		{C5BAF52A-4F3D-48A8-B354-6BC3AE8CFAE6}.Release|x86.ActiveCfg = Release|Any CPU
		{C5BAF52A-4F3D-48A8-B354-6BC3AE8CFAE6}.Release|x86.Build.0 = Release|Any CPU
		{E89F2F80-B120-4AF4-B77C-3D77C0A6880F}.Debug|Any CPU.ActiveCfg = Debug|Any CPU
		{E89F2F80-B120-4AF4-B77C-3D77C0A6880F}.Debug|Any CPU.Build.0 = Debug|Any CPU
		{E89F2F80-B120-4AF4-B77C-3D77C0A6880F}.Debug|x64.ActiveCfg = Debug|Any CPU
		{E89F2F80-B120-4AF4-B77C-3D77C0A6880F}.Debug|x64.Build.0 = Debug|Any CPU
		{E89F2F80-B120-4AF4-B77C-3D77C0A6880F}.Debug|x86.ActiveCfg = Debug|Any CPU
		{E89F2F80-B120-4AF4-B77C-3D77C0A6880F}.Debug|x86.Build.0 = Debug|Any CPU
		{E89F2F80-B120-4AF4-B77C-3D77C0A6880F}.Release|Any CPU.ActiveCfg = Release|Any CPU
		{E89F2F80-B120-4AF4-B77C-3D77C0A6880F}.Release|Any CPU.Build.0 = Release|Any CPU
		{E89F2F80-B120-4AF4-B77C-3D77C0A6880F}.Release|x64.ActiveCfg = Release|Any CPU
		{E89F2F80-B120-4AF4-B77C-3D77C0A6880F}.Release|x64.Build.0 = Release|Any CPU
		{E89F2F80-B120-4AF4-B77C-3D77C0A6880F}.Release|x86.ActiveCfg = Release|Any CPU
		{E89F2F80-B120-4AF4-B77C-3D77C0A6880F}.Release|x86.Build.0 = Release|Any CPU
		{3F94116C-374B-4F2A-B32A-0B2A01BE8BC9}.Debug|Any CPU.ActiveCfg = Debug|Any CPU
		{3F94116C-374B-4F2A-B32A-0B2A01BE8BC9}.Debug|Any CPU.Build.0 = Debug|Any CPU
		{3F94116C-374B-4F2A-B32A-0B2A01BE8BC9}.Debug|x64.ActiveCfg = Debug|Any CPU
		{3F94116C-374B-4F2A-B32A-0B2A01BE8BC9}.Debug|x64.Build.0 = Debug|Any CPU
		{3F94116C-374B-4F2A-B32A-0B2A01BE8BC9}.Debug|x86.ActiveCfg = Debug|Any CPU
		{3F94116C-374B-4F2A-B32A-0B2A01BE8BC9}.Debug|x86.Build.0 = Debug|Any CPU
		{3F94116C-374B-4F2A-B32A-0B2A01BE8BC9}.Release|Any CPU.ActiveCfg = Release|Any CPU
		{3F94116C-374B-4F2A-B32A-0B2A01BE8BC9}.Release|Any CPU.Build.0 = Release|Any CPU
		{3F94116C-374B-4F2A-B32A-0B2A01BE8BC9}.Release|x64.ActiveCfg = Release|Any CPU
		{3F94116C-374B-4F2A-B32A-0B2A01BE8BC9}.Release|x64.Build.0 = Release|Any CPU
		{3F94116C-374B-4F2A-B32A-0B2A01BE8BC9}.Release|x86.ActiveCfg = Release|Any CPU
		{3F94116C-374B-4F2A-B32A-0B2A01BE8BC9}.Release|x86.Build.0 = Release|Any CPU
		{D5A540FF-DD83-469E-8987-8215BEEADCE8}.Debug|Any CPU.ActiveCfg = Debug|Any CPU
		{D5A540FF-DD83-469E-8987-8215BEEADCE8}.Debug|Any CPU.Build.0 = Debug|Any CPU
		{D5A540FF-DD83-469E-8987-8215BEEADCE8}.Debug|x64.ActiveCfg = Debug|Any CPU
		{D5A540FF-DD83-469E-8987-8215BEEADCE8}.Debug|x64.Build.0 = Debug|Any CPU
		{D5A540FF-DD83-469E-8987-8215BEEADCE8}.Debug|x86.ActiveCfg = Debug|Any CPU
		{D5A540FF-DD83-469E-8987-8215BEEADCE8}.Debug|x86.Build.0 = Debug|Any CPU
		{D5A540FF-DD83-469E-8987-8215BEEADCE8}.Release|Any CPU.ActiveCfg = Release|Any CPU
		{D5A540FF-DD83-469E-8987-8215BEEADCE8}.Release|Any CPU.Build.0 = Release|Any CPU
		{D5A540FF-DD83-469E-8987-8215BEEADCE8}.Release|x64.ActiveCfg = Release|Any CPU
		{D5A540FF-DD83-469E-8987-8215BEEADCE8}.Release|x64.Build.0 = Release|Any CPU
		{D5A540FF-DD83-469E-8987-8215BEEADCE8}.Release|x86.ActiveCfg = Release|Any CPU
		{D5A540FF-DD83-469E-8987-8215BEEADCE8}.Release|x86.Build.0 = Release|Any CPU
	EndGlobalSection
	GlobalSection(SolutionProperties) = preSolution
		HideSolutionNode = FALSE
	EndGlobalSection
	GlobalSection(ExtensibilityGlobals) = postSolution
		SolutionGuid = {C2830A8D-F6D9-4D1B-87A8-9E0D7131E6D2}
	EndGlobalSection
EndGlobal
