
Microsoft Visual Studio Solution File, Format Version 12.00
# Visual Studio Version 17
VisualStudioVersion = 17.3.32929.385
MinimumVisualStudioVersion = 15.0.26124.0
Project("{9A19103F-16F7-4668-BE54-9A1E7A4F7556}") = "BlitzLib.RedisElector", "BlitzLib.RedisElector\BlitzLib.RedisElector.csproj", "{C5BAF52A-4F3D-48A8-B354-6BC3AE8CFAE6}"
EndProject
Project("{9A19103F-16F7-4668-BE54-9A1E7A4F7556}") = "BlitzLib.Elector", "BlitzLib.Elector\BlitzLib.Elector.csproj", "{E89F2F80-B120-4AF4-B77C-3D77C0A6880F}"
EndProject
Project("{9A19103F-16F7-4668-BE54-9A1E7A4F7556}") = "BlitzLib.RedisElector.Test", "BlitzLib.RedisElector.Test\BlitzLib.RedisElector.Test.csproj", "{3F94116C-374B-4F2A-B32A-0B2A01BE8BC9}"
EndProject
Project("{2150E333-8FDC-42A3-9474-1A3956D46DE8}") = "Solution Items", "Solution Items", "{1899BD7E-0F71-4AAC-BE00-FB081E047D4E}"
	ProjectSection(SolutionItems) = preProject
		.gitignore = .gitignore
		LICENSE = LICENSE
		README.md = README.md
	EndProjectSection
EndProject
Project("{9A19103F-16F7-4668-BE54-9A1E7A4F7556}") = "Demo-RedisElector-Singleton", "Demo-RedisElector-Singleton\Demo-RedisElector-Singleton.csproj", "{D5A540FF-DD83-469E-8987-8215BEEADCE8}"
EndProject
Project("{9A19103F-16F7-4668-BE54-9A1E7A4F7556}") = "BlitzLib.LogFactory", "BlitzLib.LogFactory\BlitzLib.LogFactory.csproj", "{AF83409A-8E91-4269-A1C4-A8E8D8E1CD71}"
EndProject
Project("{9A19103F-16F7-4668-BE54-9A1E7A4F7556}") = "BlitzLib.AssembyInfo", "BlitzLib.AssembyInfo\BlitzLib.AssembyInfo.csproj", "{AA1B8306-6ACA-4DEC-A60F-7302A63896CB}"
EndProject
Project("{2150E333-8FDC-42A3-9474-1A3956D46DE8}") = "scripts", "scripts", "{32D94F05-D5E9-41BA-9215-6CA63CFF0378}"
	ProjectSection(SolutionItems) = preProject
		Scripts\Redis-Start.ps1 = Scripts\Redis-Start.ps1
		Scripts\Redis-Stop.ps1 = Scripts\Redis-Stop.ps1
	EndProjectSection
EndProject
Global
	GlobalSection(SolutionConfigurationPlatforms) = preSolution
		Debug|Any CPU = Debug|Any CPU
		Debug|x64 = Debug|x64
		Debug|x86 = Debug|x86
		Release|Any CPU = Release|Any CPU
		Release|x64 = Release|x64
		Release|x86 = Release|x86
	EndGlobalSection
	GlobalSection(ProjectConfigurationPlatforms) = postSolution
		{C5BAF52A-4F3D-48A8-B354-6BC3AE8CFAE6}.Debug|Any CPU.ActiveCfg = Debug|Any CPU
		{C5BAF52A-4F3D-48A8-B354-6BC3AE8CFAE6}.Debug|Any CPU.Build.0 = Debug|Any CPU
		{C5BAF52A-4F3D-48A8-B354-6BC3AE8CFAE6}.Debug|x64.ActiveCfg = Debug|Any CPU
		{C5BAF52A-4F3D-48A8-B354-6BC3AE8CFAE6}.Debug|x64.Build.0 = Debug|Any CPU
		{C5BAF52A-4F3D-48A8-B354-6BC3AE8CFAE6}.Debug|x86.ActiveCfg = Debug|Any CPU
		{C5BAF52A-4F3D-48A8-B354-6BC3AE8CFAE6}.Debug|x86.Build.0 = Debug|Any CPU
		{C5BAF52A-4F3D-48A8-B354-6BC3AE8CFAE6}.Release|Any CPU.ActiveCfg = Release|Any CPU
		{C5BAF52A-4F3D-48A8-B354-6BC3AE8CFAE6}.Release|Any CPU.Build.0 = Release|Any CPU
		{C5BAF52A-4F3D-48A8-B354-6BC3AE8CFAE6}.Release|x64.ActiveCfg = Release|Any CPU
		{C5BAF52A-4F3D-48A8-B354-6BC3AE8CFAE6}.Release|x64.Build.0 = Release|Any CPU
		{C5BAF52A-4F3D-48A8-B354-6BC3AE8CFAE6}.Release|x86.ActiveCfg = Release|Any CPU
		{C5BAF52A-4F3D-48A8-B354-6BC3AE8CFAE6}.Release|x86.Build.0 = Release|Any CPU
		{E89F2F80-B120-4AF4-B77C-3D77C0A6880F}.Debug|Any CPU.ActiveCfg = Debug|Any CPU
		{E89F2F80-B120-4AF4-B77C-3D77C0A6880F}.Debug|Any CPU.Build.0 = Debug|Any CPU
		{E89F2F80-B120-4AF4-B77C-3D77C0A6880F}.Debug|x64.ActiveCfg = Debug|Any CPU
		{E89F2F80-B120-4AF4-B77C-3D77C0A6880F}.Debug|x64.Build.0 = Debug|Any CPU
		{E89F2F80-B120-4AF4-B77C-3D77C0A6880F}.Debug|x86.ActiveCfg = Debug|Any CPU
		{E89F2F80-B120-4AF4-B77C-3D77C0A6880F}.Debug|x86.Build.0 = Debug|Any CPU
		{E89F2F80-B120-4AF4-B77C-3D77C0A6880F}.Release|Any CPU.ActiveCfg = Release|Any CPU
		{E89F2F80-B120-4AF4-B77C-3D77C0A6880F}.Release|Any CPU.Build.0 = Release|Any CPU
		{E89F2F80-B120-4AF4-B77C-3D77C0A6880F}.Release|x64.ActiveCfg = Release|Any CPU
		{E89F2F80-B120-4AF4-B77C-3D77C0A6880F}.Release|x64.Build.0 = Release|Any CPU
		{E89F2F80-B120-4AF4-B77C-3D77C0A6880F}.Release|x86.ActiveCfg = Release|Any CPU
		{E89F2F80-B120-4AF4-B77C-3D77C0A6880F}.Release|x86.Build.0 = Release|Any CPU
		{3F94116C-374B-4F2A-B32A-0B2A01BE8BC9}.Debug|Any CPU.ActiveCfg = Debug|Any CPU
		{3F94116C-374B-4F2A-B32A-0B2A01BE8BC9}.Debug|Any CPU.Build.0 = Debug|Any CPU
		{3F94116C-374B-4F2A-B32A-0B2A01BE8BC9}.Debug|x64.ActiveCfg = Debug|Any CPU
		{3F94116C-374B-4F2A-B32A-0B2A01BE8BC9}.Debug|x64.Build.0 = Debug|Any CPU
		{3F94116C-374B-4F2A-B32A-0B2A01BE8BC9}.Debug|x86.ActiveCfg = Debug|Any CPU
		{3F94116C-374B-4F2A-B32A-0B2A01BE8BC9}.Debug|x86.Build.0 = Debug|Any CPU
		{3F94116C-374B-4F2A-B32A-0B2A01BE8BC9}.Release|Any CPU.ActiveCfg = Release|Any CPU
		{3F94116C-374B-4F2A-B32A-0B2A01BE8BC9}.Release|Any CPU.Build.0 = Release|Any CPU
		{3F94116C-374B-4F2A-B32A-0B2A01BE8BC9}.Release|x64.ActiveCfg = Release|Any CPU
		{3F94116C-374B-4F2A-B32A-0B2A01BE8BC9}.Release|x64.Build.0 = Release|Any CPU
		{3F94116C-374B-4F2A-B32A-0B2A01BE8BC9}.Release|x86.ActiveCfg = Release|Any CPU
		{3F94116C-374B-4F2A-B32A-0B2A01BE8BC9}.Release|x86.Build.0 = Release|Any CPU
		{D5A540FF-DD83-469E-8987-8215BEEADCE8}.Debug|Any CPU.ActiveCfg = Debug|Any CPU
		{D5A540FF-DD83-469E-8987-8215BEEADCE8}.Debug|Any CPU.Build.0 = Debug|Any CPU
		{D5A540FF-DD83-469E-8987-8215BEEADCE8}.Debug|x64.ActiveCfg = Debug|Any CPU
		{D5A540FF-DD83-469E-8987-8215BEEADCE8}.Debug|x64.Build.0 = Debug|Any CPU
		{D5A540FF-DD83-469E-8987-8215BEEADCE8}.Debug|x86.ActiveCfg = Debug|Any CPU
		{D5A540FF-DD83-469E-8987-8215BEEADCE8}.Debug|x86.Build.0 = Debug|Any CPU
		{D5A540FF-DD83-469E-8987-8215BEEADCE8}.Release|Any CPU.ActiveCfg = Release|Any CPU
		{D5A540FF-DD83-469E-8987-8215BEEADCE8}.Release|Any CPU.Build.0 = Release|Any CPU
		{D5A540FF-DD83-469E-8987-8215BEEADCE8}.Release|x64.ActiveCfg = Release|Any CPU
		{D5A540FF-DD83-469E-8987-8215BEEADCE8}.Release|x64.Build.0 = Release|Any CPU
		{D5A540FF-DD83-469E-8987-8215BEEADCE8}.Release|x86.ActiveCfg = Release|Any CPU
		{D5A540FF-DD83-469E-8987-8215BEEADCE8}.Release|x86.Build.0 = Release|Any CPU
		{AF83409A-8E91-4269-A1C4-A8E8D8E1CD71}.Debug|Any CPU.ActiveCfg = Debug|Any CPU
		{AF83409A-8E91-4269-A1C4-A8E8D8E1CD71}.Debug|Any CPU.Build.0 = Debug|Any CPU
		{AF83409A-8E91-4269-A1C4-A8E8D8E1CD71}.Debug|x64.ActiveCfg = Debug|Any CPU
		{AF83409A-8E91-4269-A1C4-A8E8D8E1CD71}.Debug|x64.Build.0 = Debug|Any CPU
		{AF83409A-8E91-4269-A1C4-A8E8D8E1CD71}.Debug|x86.ActiveCfg = Debug|Any CPU
		{AF83409A-8E91-4269-A1C4-A8E8D8E1CD71}.Debug|x86.Build.0 = Debug|Any CPU
		{AF83409A-8E91-4269-A1C4-A8E8D8E1CD71}.Release|Any CPU.ActiveCfg = Release|Any CPU
		{AF83409A-8E91-4269-A1C4-A8E8D8E1CD71}.Release|Any CPU.Build.0 = Release|Any CPU
		{AF83409A-8E91-4269-A1C4-A8E8D8E1CD71}.Release|x64.ActiveCfg = Release|Any CPU
		{AF83409A-8E91-4269-A1C4-A8E8D8E1CD71}.Release|x64.Build.0 = Release|Any CPU
		{AF83409A-8E91-4269-A1C4-A8E8D8E1CD71}.Release|x86.ActiveCfg = Release|Any CPU
		{AF83409A-8E91-4269-A1C4-A8E8D8E1CD71}.Release|x86.Build.0 = Release|Any CPU
		{AA1B8306-6ACA-4DEC-A60F-7302A63896CB}.Debug|Any CPU.ActiveCfg = Debug|Any CPU
		{AA1B8306-6ACA-4DEC-A60F-7302A63896CB}.Debug|Any CPU.Build.0 = Debug|Any CPU
		{AA1B8306-6ACA-4DEC-A60F-7302A63896CB}.Debug|x64.ActiveCfg = Debug|Any CPU
		{AA1B8306-6ACA-4DEC-A60F-7302A63896CB}.Debug|x64.Build.0 = Debug|Any CPU
		{AA1B8306-6ACA-4DEC-A60F-7302A63896CB}.Debug|x86.ActiveCfg = Debug|Any CPU
		{AA1B8306-6ACA-4DEC-A60F-7302A63896CB}.Debug|x86.Build.0 = Debug|Any CPU
		{AA1B8306-6ACA-4DEC-A60F-7302A63896CB}.Release|Any CPU.ActiveCfg = Release|Any CPU
		{AA1B8306-6ACA-4DEC-A60F-7302A63896CB}.Release|Any CPU.Build.0 = Release|Any CPU
		{AA1B8306-6ACA-4DEC-A60F-7302A63896CB}.Release|x64.ActiveCfg = Release|Any CPU
		{AA1B8306-6ACA-4DEC-A60F-7302A63896CB}.Release|x64.Build.0 = Release|Any CPU
		{AA1B8306-6ACA-4DEC-A60F-7302A63896CB}.Release|x86.ActiveCfg = Release|Any CPU
		{AA1B8306-6ACA-4DEC-A60F-7302A63896CB}.Release|x86.Build.0 = Release|Any CPU
	EndGlobalSection
	GlobalSection(SolutionProperties) = preSolution
		HideSolutionNode = FALSE
	EndGlobalSection
	GlobalSection(NestedProjects) = preSolution
		{32D94F05-D5E9-41BA-9215-6CA63CFF0378} = {1899BD7E-0F71-4AAC-BE00-FB081E047D4E}
	EndGlobalSection
	GlobalSection(ExtensibilityGlobals) = postSolution
		SolutionGuid = {C2830A8D-F6D9-4D1B-87A8-9E0D7131E6D2}
	EndGlobalSection
EndGlobal
